
Microsoft Visual Studio Solution File, Format Version 12.00
# Visual Studio Version 17
VisualStudioVersion = 17.5.002.0
MinimumVisualStudioVersion = 10.0.40219.1
Project("{9A19103F-16F7-4668-BE54-9A1E7A4F7556}") = "NewApp", "NewApp.csproj", "{1EAEA896-FCB8-4083-B0B5-300E9A63438A}"
EndProject
Global
	GlobalSection(SolutionConfigurationPlatforms) = preSolution
		Debug|Any CPU = Debug|Any CPU
		Release|Any CPU = Release|Any CPU
	EndGlobalSection
	GlobalSection(ProjectConfigurationPlatforms) = postSolution
		{1EAEA896-FCB8-4083-B0B5-300E9A63438A}.Debug|Any CPU.ActiveCfg = Debug|Any CPU
		{1EAEA896-FCB8-4083-B0B5-300E9A63438A}.Debug|Any CPU.Build.0 = Debug|Any CPU
		{1EAEA896-FCB8-4083-B0B5-300E9A63438A}.Release|Any CPU.ActiveCfg = Release|Any CPU
		{1EAEA896-FCB8-4083-B0B5-300E9A63438A}.Release|Any CPU.Build.0 = Release|Any CPU
	EndGlobalSection
	GlobalSection(SolutionProperties) = preSolution
		HideSolutionNode = FALSE
	EndGlobalSection
	GlobalSection(ExtensibilityGlobals) = postSolution
		SolutionGuid = {8FFCB488-1F75-45A8-A80A-0ED15FB9D92B}
	EndGlobalSection
EndGlobal
